# This file is automatically @generated by Poetry 1.8.5 and should not be changed by hand.

[[package]]
name = "webvtt-py"
version = "0.5.1"
description = "WebVTT reader, writer and segmenter"
optional = false
python-versions = ">=3.7"
files = [
    {file = "webvtt-py-0.5.1.tar.gz", hash = "sha256:2040dd325277ddadc1e0c6cc66cbc4a1d9b6b49b24c57a0c3364374c3e8a3dc1"},
    {file = "webvtt_py-0.5.1-py3-none-any.whl", hash = "sha256:9d517d286cfe7fc7825e9d4e2079647ce32f5678eb58e39ef544ffbb932610b7"},
]

[metadata]
lock-version = "2.0"
python-versions = "^3.9"
content-hash = "2aeaed0f9e2e45277494db3aff49434c06e2e9a783990a8a3180afb385fa32b5"
